
Microsoft Visual Studio Solution File, Format Version 12.00
# Visual Studio Version 17
VisualStudioVersion = 17.5.002.0
MinimumVisualStudioVersion = 10.0.40219.1
Project("{9A19103F-16F7-4668-BE54-9A1E7A4F7556}") = "TrilhaApiDesafio", "TrilhaApiDesafio.csproj", "{395B5A4E-FEAA-4266-9581-8E3C30FC9F80}"
EndProject
Global
	GlobalSection(SolutionConfigurationPlatforms) = preSolution
		Debug|Any CPU = Debug|Any CPU
		Release|Any CPU = Release|Any CPU
	EndGlobalSection
	GlobalSection(ProjectConfigurationPlatforms) = postSolution
		{395B5A4E-FEAA-4266-9581-8E3C30FC9F80}.Debug|Any CPU.ActiveCfg = Debug|Any CPU
		{395B5A4E-FEAA-4266-9581-8E3C30FC9F80}.Debug|Any CPU.Build.0 = Debug|Any CPU
		{395B5A4E-FEAA-4266-9581-8E3C30FC9F80}.Release|Any CPU.ActiveCfg = Release|Any CPU
		{395B5A4E-FEAA-4266-9581-8E3C30FC9F80}.Release|Any CPU.Build.0 = Release|Any CPU
	EndGlobalSection
	GlobalSection(SolutionProperties) = preSolution
		HideSolutionNode = FALSE
	EndGlobalSection
	GlobalSection(ExtensibilityGlobals) = postSolution
		SolutionGuid = {B9CA4E0D-0DED-4108-8848-00E03F1E0182}
	EndGlobalSection
EndGlobal
